
Microsoft Visual Studio Solution File, Format Version 12.00
# Visual Studio Version 17
VisualStudioVersion = 17.6.33829.357
MinimumVisualStudioVersion = 10.0.40219.1
Project("{8BC9CEB8-8B4A-11D0-8D11-00A0C91BC942}") = "Practica13Vector", "Practica13Vector\Practica13Vector.vcxproj", "{E6669B0D-5356-460C-918A-50390ABFA4D1}"
EndProject
Global
	GlobalSection(SolutionConfigurationPlatforms) = preSolution
		Debug|x64 = Debug|x64
		Debug|x86 = Debug|x86
		Release|x64 = Release|x64
		Release|x86 = Release|x86
	EndGlobalSection
	GlobalSection(ProjectConfigurationPlatforms) = postSolution
		{E6669B0D-5356-460C-918A-50390ABFA4D1}.Debug|x64.ActiveCfg = Debug|x64
		{E6669B0D-5356-460C-918A-50390ABFA4D1}.Debug|x64.Build.0 = Debug|x64
		{E6669B0D-5356-460C-918A-50390ABFA4D1}.Debug|x86.ActiveCfg = Debug|Win32
		{E6669B0D-5356-460C-918A-50390ABFA4D1}.Debug|x86.Build.0 = Debug|Win32
		{E6669B0D-5356-460C-918A-50390ABFA4D1}.Release|x64.ActiveCfg = Release|x64
		{E6669B0D-5356-460C-918A-50390ABFA4D1}.Release|x64.Build.0 = Release|x64
		{E6669B0D-5356-460C-918A-50390ABFA4D1}.Release|x86.ActiveCfg = Release|Win32
		{E6669B0D-5356-460C-918A-50390ABFA4D1}.Release|x86.Build.0 = Release|Win32
	EndGlobalSection
	GlobalSection(SolutionProperties) = preSolution
		HideSolutionNode = FALSE
	EndGlobalSection
	GlobalSection(ExtensibilityGlobals) = postSolution
		SolutionGuid = {B2C09BA8-EFA9-4BA0-880F-3EB9C443C41C}
	EndGlobalSection
EndGlobal
