
Microsoft Visual Studio Solution File, Format Version 12.00
# Visual Studio Version 17
VisualStudioVersion = 17.6.33829.357
MinimumVisualStudioVersion = 10.0.40219.1
Project("{8BC9CEB8-8B4A-11D0-8D11-00A0C91BC942}") = "Practica8Vector", "Practica8Vector\Practica8Vector.vcxproj", "{2E8B5C48-99D3-4CC4-BABE-5F4AA127F800}"
EndProject
Global
	GlobalSection(SolutionConfigurationPlatforms) = preSolution
		Debug|x64 = Debug|x64
		Debug|x86 = Debug|x86
		Release|x64 = Release|x64
		Release|x86 = Release|x86
	EndGlobalSection
	GlobalSection(ProjectConfigurationPlatforms) = postSolution
		{2E8B5C48-99D3-4CC4-BABE-5F4AA127F800}.Debug|x64.ActiveCfg = Debug|x64
		{2E8B5C48-99D3-4CC4-BABE-5F4AA127F800}.Debug|x64.Build.0 = Debug|x64
		{2E8B5C48-99D3-4CC4-BABE-5F4AA127F800}.Debug|x86.ActiveCfg = Debug|Win32
		{2E8B5C48-99D3-4CC4-BABE-5F4AA127F800}.Debug|x86.Build.0 = Debug|Win32
		{2E8B5C48-99D3-4CC4-BABE-5F4AA127F800}.Release|x64.ActiveCfg = Release|x64
		{2E8B5C48-99D3-4CC4-BABE-5F4AA127F800}.Release|x64.Build.0 = Release|x64
		{2E8B5C48-99D3-4CC4-BABE-5F4AA127F800}.Release|x86.ActiveCfg = Release|Win32
		{2E8B5C48-99D3-4CC4-BABE-5F4AA127F800}.Release|x86.Build.0 = Release|Win32
	EndGlobalSection
	GlobalSection(SolutionProperties) = preSolution
		HideSolutionNode = FALSE
	EndGlobalSection
	GlobalSection(ExtensibilityGlobals) = postSolution
		SolutionGuid = {9F2D0949-AF5D-4E11-A27D-E49082D0BC71}
	EndGlobalSection
EndGlobal
